
Microsoft Visual Studio Solution File, Format Version 12.00
# Visual Studio 2013
VisualStudioVersion = 12.0.30723.0
MinimumVisualStudioVersion = 10.0.40219.1
Project("{8BC9CEB8-8B4A-11D0-8D11-00A0C91BC942}") = "ref1", "ref1\project\ref1.vcxproj", "{E2FCD34D-0358-4731-98AB-143FB00149C8}"
EndProject
Project("{8BC9CEB8-8B4A-11D0-8D11-00A0C91BC942}") = "ref2", "ref2\project\ref2.vcxproj", "{FEB73D35-6257-4675-B7CB-C596D2818954}"
EndProject
Project("{8BC9CEB8-8B4A-11D0-8D11-00A0C91BC942}") = "app", "app\app.vcxproj", "{2A2150F9-7343-477C-AB12-F107F50C2496}"
EndProject
Global
	GlobalSection(SolutionConfigurationPlatforms) = preSolution
		Debug|Win32 = Debug|Win32
		Release|Win32 = Release|Win32
	EndGlobalSection
	GlobalSection(ProjectConfigurationPlatforms) = postSolution
		{E2FCD34D-0358-4731-98AB-143FB00149C8}.Debug|Win32.ActiveCfg = Debug|Win32
		{E2FCD34D-0358-4731-98AB-143FB00149C8}.Debug|Win32.Build.0 = Debug|Win32
		{E2FCD34D-0358-4731-98AB-143FB00149C8}.Release|Win32.ActiveCfg = Release|Win32
		{E2FCD34D-0358-4731-98AB-143FB00149C8}.Release|Win32.Build.0 = Release|Win32
		{FEB73D35-6257-4675-B7CB-C596D2818954}.Debug|Win32.ActiveCfg = Debug|Win32
		{FEB73D35-6257-4675-B7CB-C596D2818954}.Debug|Win32.Build.0 = Debug|Win32
		{FEB73D35-6257-4675-B7CB-C596D2818954}.Release|Win32.ActiveCfg = Release|Win32
		{FEB73D35-6257-4675-B7CB-C596D2818954}.Release|Win32.Build.0 = Release|Win32
		{2A2150F9-7343-477C-AB12-F107F50C2496}.Debug|Win32.ActiveCfg = Debug|Win32
		{2A2150F9-7343-477C-AB12-F107F50C2496}.Debug|Win32.Build.0 = Debug|Win32
		{2A2150F9-7343-477C-AB12-F107F50C2496}.Release|Win32.ActiveCfg = Release|Win32
		{2A2150F9-7343-477C-AB12-F107F50C2496}.Release|Win32.Build.0 = Release|Win32
	EndGlobalSection
	GlobalSection(SolutionProperties) = preSolution
		HideSolutionNode = FALSE
	EndGlobalSection
EndGlobal
